<?xml version="1.0" encoding="utf-8"?>
<Project ToolsVersion="4.0" xmlns="http://schemas.microsoft.com/developer/msbuild/2003">
  <ItemGroup>
    <Filter Include="Tests">
      <UniqueIdentifier>{cfadfcd8-9ea2-426d-9a9a-d2c4bfae7eb4}</UniqueIdentifier>
    </Filter>
    <Filter Include="Tests\Custom Implementation">
      <UniqueIdentifier>{0e924971-f26f-4beb-8b90-4482b2b2721e}</UniqueIdentifier>
    </Filter>
  </ItemGroup>
  <ItemGroup>
    <ClCompile Include="..\Common\MSTest\ArgumentsTests.cpp">
      <Filter>Tests</Filter>
    </ClCompile>
    <ClCompile Include="..\Common\MSTest\AssertingInteractionTests.cpp">
      <Filter>Tests</Filter>
    </ClCompile>
    <ClCompile Include="..\Common\MSTest\BehaviorSequencingTests.cpp">
      <Filter>Tests</Filter>
    </ClCompile>
    <ClCompile Include="..\Common\MSTest\CallOriginalBehaviorTests.cpp">
      <Filter>Tests</Filter>
    </ClCompile>
    <ClCompile Include="..\Common\MSTest\ChangeReturnValueTests.cpp">
      <Filter>Tests</Filter>
    </ClCompile>
    <ClCompile Include="..\Common\MSTest\CreateRecursiveFakeTests.cpp">
      <Filter>Tests</Filter>
    </ClCompile>
    <ClCompile Include="..\Common\MSTest\DoInsteadTests.cpp">
      <Filter>Tests</Filter>
    </ClCompile>
    <ClCompile Include="..\Common\MSTest\FakingNonPublicMethods.cpp">
      <Filter>Tests</Filter>
    </ClCompile>
    <ClCompile Include="..\Common\MSTest\FakingStaticMethodTests.cpp">
      <Filter>Tests</Filter>
    </ClCompile>
    <ClCompile Include="..\Common\MSTest\FutureObjectTests.cpp">
      <Filter>Tests</Filter>
    </ClCompile>
    <ClCompile Include="..\Common\MSTest\GlobalCMethodTests.cpp">
      <Filter>Tests</Filter>
    </ClCompile>
    <ClCompile Include="..\Common\MSTest\IgnoreCallTests.cpp">
      <Filter>Tests</Filter>
    </ClCompile>
    <ClCompile Include="..\Common\MSTest\LiveObjectsTests.cpp">
      <Filter>Tests</Filter>
    </ClCompile>
    <ClCompile Include="..\Common\MSTest\ThrowExceptionTests.cpp">
      <Filter>Tests</Filter>
    </ClCompile>
    <ClCompile Include="..\Common\MSTest\PureVirtualTests.cpp">
      <Filter>Tests</Filter>
    </ClCompile>
    <ClCompile Include="..\Common\MSTest\AssertingNonPublicInteractionTests.cpp">
      <Filter>Tests</Filter>
    </ClCompile>
    <ClCompile Include="..\Common\MSTest\InvokeMemberTests.cpp">
      <Filter>Tests</Filter>
    </ClCompile>
    <ClCompile Include="..\Common\MSTest\ConditionalTests.cpp">
      <Filter>Tests</Filter>
    </ClCompile>
    <ClCompile Include="..\Common\MSTest\SettingMembersTests.cpp">
      <Filter>Tests</Filter>
    </ClCompile>
    <ClCompile Include="..\Common\MSTest\ReturnByValueTests.cpp">
      <Filter>Tests</Filter>
    </ClCompile>
    <ClCompile Include="..\Common\MSTest\FakingAnOutParams.cpp">
      <Filter>Tests</Filter>
    </ClCompile>
    <ClCompile Include="..\Common\MSTest\CallConstructorTests.cpp">
      <Filter>Tests</Filter>
    </ClCompile>
    <ClCompile Include="..\Common\MSTest\BehaviorChaining.cpp">
      <Filter>Tests</Filter>
    </ClCompile>
  </ItemGroup>
  <ItemGroup>
    <ClInclude Include="..\Common\MSTest\stdafx.h" />
  </ItemGroup>
</Project>